
Microsoft Visual Studio Solution File, Format Version 12.00
# Visual Studio Version 16
VisualStudioVersion = 16.0.29709.97
MinimumVisualStudioVersion = 10.0.40219.1
Project("{FAE04EC0-301F-11D3-BF4B-00C04F79EFBC}") = "AzureProject", "AzureProject\AzureProject.csproj", "{80DCFC5C-9D52-4841-88CF-1B55C27DB1BC}"
EndProject
Project("{9A19103F-16F7-4668-BE54-9A1E7A4F7556}") = "GraphApi", "..\..\SiteshDev\TestB2c\GraphApi\GraphApi.csproj", "{15FC27F1-33E7-4DEF-A0AD-60FF7B0AF8D8}"
EndProject
Project("{FAE04EC0-301F-11D3-BF4B-00C04F79EFBC}") = "Models", "Models\Models.csproj", "{0CA23C3C-2653-4933-B121-B84E5508EEC0}"
EndProject
Global
	GlobalSection(SolutionConfigurationPlatforms) = preSolution
		Debug|Any CPU = Debug|Any CPU
		Release|Any CPU = Release|Any CPU
	EndGlobalSection
	GlobalSection(ProjectConfigurationPlatforms) = postSolution
		{80DCFC5C-9D52-4841-88CF-1B55C27DB1BC}.Debug|Any CPU.ActiveCfg = Debug|Any CPU
		{80DCFC5C-9D52-4841-88CF-1B55C27DB1BC}.Debug|Any CPU.Build.0 = Debug|Any CPU
		{80DCFC5C-9D52-4841-88CF-1B55C27DB1BC}.Release|Any CPU.ActiveCfg = Release|Any CPU
		{80DCFC5C-9D52-4841-88CF-1B55C27DB1BC}.Release|Any CPU.Build.0 = Release|Any CPU
		{15FC27F1-33E7-4DEF-A0AD-60FF7B0AF8D8}.Debug|Any CPU.ActiveCfg = Debug|Any CPU
		{15FC27F1-33E7-4DEF-A0AD-60FF7B0AF8D8}.Debug|Any CPU.Build.0 = Debug|Any CPU
		{15FC27F1-33E7-4DEF-A0AD-60FF7B0AF8D8}.Release|Any CPU.ActiveCfg = Release|Any CPU
		{15FC27F1-33E7-4DEF-A0AD-60FF7B0AF8D8}.Release|Any CPU.Build.0 = Release|Any CPU
		{0CA23C3C-2653-4933-B121-B84E5508EEC0}.Debug|Any CPU.ActiveCfg = Debug|Any CPU
		{0CA23C3C-2653-4933-B121-B84E5508EEC0}.Debug|Any CPU.Build.0 = Debug|Any CPU
		{0CA23C3C-2653-4933-B121-B84E5508EEC0}.Release|Any CPU.ActiveCfg = Release|Any CPU
		{0CA23C3C-2653-4933-B121-B84E5508EEC0}.Release|Any CPU.Build.0 = Release|Any CPU
	EndGlobalSection
	GlobalSection(SolutionProperties) = preSolution
		HideSolutionNode = FALSE
	EndGlobalSection
	GlobalSection(ExtensibilityGlobals) = postSolution
		SolutionGuid = {891DC389-EC97-41A7-A7A5-F76CE2DCC3B4}
	EndGlobalSection
EndGlobal
